
Microsoft Visual Studio Solution File, Format Version 11.00
# Visual C++ Express 2010
Project("{8BC9CEB8-8B4A-11D0-8D11-00A0C91BC942}") = "base", "base\base.vcxproj", "{08FCF6D2-DCD4-4ABB-AF94-0E1641EF4233}"
EndProject
Project("{8BC9CEB8-8B4A-11D0-8D11-00A0C91BC942}") = "math", "math\math.vcxproj", "{45586A4C-F4C7-4A7C-B9B9-954D9A8D7FBC}"
	ProjectSection(ProjectDependencies) = postProject
		{08FCF6D2-DCD4-4ABB-AF94-0E1641EF4233} = {08FCF6D2-DCD4-4ABB-AF94-0E1641EF4233}
	EndProjectSection
EndProject
Project("{8BC9CEB8-8B4A-11D0-8D11-00A0C91BC942}") = "unit_tester", "unit_tester\unit_tester.vcxproj", "{076F76C8-B4A0-41D3-8460-5E02EBAA49FF}"
	ProjectSection(ProjectDependencies) = postProject
		{08FCF6D2-DCD4-4ABB-AF94-0E1641EF4233} = {08FCF6D2-DCD4-4ABB-AF94-0E1641EF4233}
	EndProjectSection
EndProject
Project("{8BC9CEB8-8B4A-11D0-8D11-00A0C91BC942}") = "unit_tests", "unit_tests\unit_tests.vcxproj", "{774F4370-E49A-4026-86D6-0F7A23C22687}"
	ProjectSection(ProjectDependencies) = postProject
		{45586A4C-F4C7-4A7C-B9B9-954D9A8D7FBC} = {45586A4C-F4C7-4A7C-B9B9-954D9A8D7FBC}
		{076F76C8-B4A0-41D3-8460-5E02EBAA49FF} = {076F76C8-B4A0-41D3-8460-5E02EBAA49FF}
		{08FCF6D2-DCD4-4ABB-AF94-0E1641EF4233} = {08FCF6D2-DCD4-4ABB-AF94-0E1641EF4233}
	EndProjectSection
EndProject
Global
	GlobalSection(SolutionConfigurationPlatforms) = preSolution
		Debug|Win32 = Debug|Win32
		Release|Win32 = Release|Win32
	EndGlobalSection
	GlobalSection(ProjectConfigurationPlatforms) = postSolution
		{08FCF6D2-DCD4-4ABB-AF94-0E1641EF4233}.Debug|Win32.ActiveCfg = Debug|Win32
		{08FCF6D2-DCD4-4ABB-AF94-0E1641EF4233}.Debug|Win32.Build.0 = Debug|Win32
		{08FCF6D2-DCD4-4ABB-AF94-0E1641EF4233}.Release|Win32.ActiveCfg = Release|Win32
		{08FCF6D2-DCD4-4ABB-AF94-0E1641EF4233}.Release|Win32.Build.0 = Release|Win32
		{45586A4C-F4C7-4A7C-B9B9-954D9A8D7FBC}.Debug|Win32.ActiveCfg = Debug|Win32
		{45586A4C-F4C7-4A7C-B9B9-954D9A8D7FBC}.Debug|Win32.Build.0 = Debug|Win32
		{45586A4C-F4C7-4A7C-B9B9-954D9A8D7FBC}.Release|Win32.ActiveCfg = Release|Win32
		{45586A4C-F4C7-4A7C-B9B9-954D9A8D7FBC}.Release|Win32.Build.0 = Release|Win32
		{076F76C8-B4A0-41D3-8460-5E02EBAA49FF}.Debug|Win32.ActiveCfg = Debug|Win32
		{076F76C8-B4A0-41D3-8460-5E02EBAA49FF}.Debug|Win32.Build.0 = Debug|Win32
		{076F76C8-B4A0-41D3-8460-5E02EBAA49FF}.Release|Win32.ActiveCfg = Release|Win32
		{076F76C8-B4A0-41D3-8460-5E02EBAA49FF}.Release|Win32.Build.0 = Release|Win32
		{774F4370-E49A-4026-86D6-0F7A23C22687}.Debug|Win32.ActiveCfg = Debug|Win32
		{774F4370-E49A-4026-86D6-0F7A23C22687}.Debug|Win32.Build.0 = Debug|Win32
		{774F4370-E49A-4026-86D6-0F7A23C22687}.Release|Win32.ActiveCfg = Release|Win32
		{774F4370-E49A-4026-86D6-0F7A23C22687}.Release|Win32.Build.0 = Release|Win32
	EndGlobalSection
	GlobalSection(SolutionProperties) = preSolution
		HideSolutionNode = FALSE
	EndGlobalSection
EndGlobal
